// !$*UTF8*$!
{
	archiveVersion = 1;
	classes = {
	};
	objectVersion = 48;
	objects = {

/* Begin PBXBuildFile section */
		896631BC1FF571D0009A0A17 /* AppDelegate.swift in Sources */ = {isa = PBXBuildFile; fileRef = 896631BB1FF571D0009A0A17 /* AppDelegate.swift */; };
		896631BE1FF571D0009A0A17 /* art.scnassets in Resources */ = {isa = PBXBuildFile; fileRef = 896631BD1FF571D0009A0A17 /* art.scnassets */; };
		896631C01FF571D0009A0A17 /* ViewController.swift in Sources */ = {isa = PBXBuildFile; fileRef = 896631BF1FF571D0009A0A17 /* ViewController.swift */; };
		896631C31FF571D0009A0A17 /* Main.storyboard in Resources */ = {isa = PBXBuildFile; fileRef = 896631C11FF571D0009A0A17 /* Main.storyboard */; };
		896631C51FF571D0009A0A17 /* Assets.xcassets in Resources */ = {isa = PBXBuildFile; fileRef = 896631C41FF571D0009A0A17 /* Assets.xcassets */; };
		896631C81FF571D0009A0A17 /* LaunchScreen.storyboard in Resources */ = {isa = PBXBuildFile; fileRef = 896631C61FF571D0009A0A17 /* LaunchScreen.storyboard */; };
/* End PBXBuildFile section */

/* Begin PBXFileReference section */
		896631B81FF571D0009A0A17 /* ARKit_SolarSystem.app */ = {isa = PBXFileReference; explicitFileType = wrapper.application; includeInIndex = 0; path = ARKit_SolarSystem.app; sourceTree = BUILT_PRODUCTS_DIR; };
		896631BB1FF571D0009A0A17 /* AppDelegate.swift */ = {isa = PBXFileReference; lastKnownFileType = sourcecode.swift; path = AppDelegate.swift; sourceTree = "<group>"; };
		896631BD1FF571D0009A0A17 /* art.scnassets */ = {isa = PBXFileReference; lastKnownFileType = wrapper.scnassets; path = art.scnassets; sourceTree = "<group>"; };
		896631BF1FF571D0009A0A17 /* ViewController.swift */ = {isa = PBXFileReference; lastKnownFileType = sourcecode.swift; path = ViewController.swift; sourceTree = "<group>"; };
		896631C21FF571D0009A0A17 /* Base */ = {isa = PBXFileReference; lastKnownFileType = file.storyboard; name = Base; path = Base.lproj/Main.storyboard; sourceTree = "<group>"; };
		896631C41FF571D0009A0A17 /* Assets.xcassets */ = {isa = PBXFileReference; lastKnownFileType = folder.assetcatalog; path = Assets.xcassets; sourceTree = "<group>"; };
		896631C71FF571D0009A0A17 /* Base */ = {isa = PBXFileReference; lastKnownFileType = file.storyboard; name = Base; path = Base.lproj/LaunchScreen.storyboard; sourceTree = "<group>"; };
		896631C91FF571D0009A0A17 /* Info.plist */ = {isa = PBXFileReference; lastKnownFileType = text.plist.xml; path = Info.plist; sourceTree = "<group>"; };
/* End PBXFileReference section */

/* Begin PBXFrameworksBuildPhase section */
		896631B51FF571D0009A0A17 /* Frameworks */ = {
			isa = PBXFrameworksBuildPhase;
			buildActionMask = 2147483647;
			files = (
			);
			runOnlyForDeploymentPostprocessing = 0;
		};
/* End PBXFrameworksBuildPhase section */

/* Begin PBXGroup section */
		896631AF1FF571D0009A0A17 = {
			isa = PBXGroup;
			children = (
				896631BA1FF571D0009A0A17 /* ARKit_SolarSystem */,
				896631B91FF571D0009A0A17 /* Products */,
			);
			sourceTree = "<group>";
		};
		896631B91FF571D0009A0A17 /* Products */ = {
			isa = PBXGroup;
			children = (
				896631B81FF571D0009A0A17 /* ARKit_SolarSystem.app */,
			);
			name = Products;
			sourceTree = "<group>";
		};
		896631BA1FF571D0009A0A17 /* ARKit_SolarSystem */ = {
			isa = PBXGroup;
			children = (
				896631BB1FF571D0009A0A17 /* AppDelegate.swift */,
				896631BD1FF571D0009A0A17 /* art.scnassets */,
				896631BF1FF571D0009A0A17 /* ViewController.swift */,
				896631C11FF571D0009A0A17 /* Main.storyboard */,
				896631C41FF571D0009A0A17 /* Assets.xcassets */,
				896631C61FF571D0009A0A17 /* LaunchScreen.storyboard */,
				896631C91FF571D0009A0A17 /* Info.plist */,
			);
			path = ARKit_SolarSystem;
			sourceTree = "<group>";
		};
/* End PBXGroup section */

/* Begin PBXNativeTarget section */
		896631B71FF571D0009A0A17 /* ARKit_SolarSystem */ = {
			isa = PBXNativeTarget;
			buildConfigurationList = 896631CC1FF571D0009A0A17 /* Build configuration list for PBXNativeTarget "ARKit_SolarSystem" */;
			buildPhases = (
				896631B41FF571D0009A0A17 /* Sources */,
				896631B51FF571D0009A0A17 /* Frameworks */,
				896631B61FF571D0009A0A17 /* Resources */,
			);
			buildRules = (
			);
			dependencies = (
			);
			name = ARKit_SolarSystem;
			productName = ARKit_SolarSystem;
			productReference = 896631B81FF571D0009A0A17 /* ARKit_SolarSystem.app */;
			productType = "com.apple.product-type.application";
		};
/* End PBXNativeTarget section */

/* Begin PBXProject section */
		896631B01FF571D0009A0A17 /* Project object */ = {
			isa = PBXProject;
			attributes = {
				LastSwiftUpdateCheck = 0920;
				LastUpgradeCheck = 1010;
				ORGANIZATIONNAME = "Haitham Abdelwahab";
				TargetAttributes = {
					896631B71FF571D0009A0A17 = {
						CreatedOnToolsVersion = 9.2;
						LastSwiftMigration = 1010;
						ProvisioningStyle = Automatic;
					};
				};
			};
			buildConfigurationList = 896631B31FF571D0009A0A17 /* Build configuration list for PBXProject "ARKit_SolarSystem" */;
			compatibilityVersion = "Xcode 8.0";
			developmentRegion = en;
			hasScannedForEncodings = 0;
			knownRegions = (
				en,
				Base,
			);
			mainGroup = 896631AF1FF571D0009A0A17;
			productRefGroup = 896631B91FF571D0009A0A17 /* Products */;
			projectDirPath = "";
			projectRoot = "";
			targets = (
				896631B71FF571D0009A0A17 /* ARKit_SolarSystem */,
			);
		};
/* End PBXProject section */

/* Begin PBXResourcesBuildPhase section */
		896631B61FF571D0009A0A17 /* Resources */ = {
			isa = PBXResourcesBuildPhase;
			buildActionMask = 2147483647;
			files = (
				896631BE1FF571D0009A0A17 /* art.scnassets in Resources */,
				896631C81FF571D0009A0A17 /* LaunchScreen.storyboard in Resources */,
				896631C51FF571D0009A0A17 /* Assets.xcassets in Resources */,
				896631C31FF571D0009A0A17 /* Main.storyboard in Resources */,
			);
			runOnlyForDeploymentPostprocessing = 0;
		};
/* End PBXResourcesBuildPhase section */

/* Begin PBXSourcesBuildPhase section */
		896631B41FF571D0009A0A17 /* Sources */ = {
			isa = PBXSourcesBuildPhase;
			buildActionMask = 2147483647;
			files = (
				896631C01FF571D0009A0A17 /* ViewController.swift in Sources */,
				896631BC1FF571D0009A0A17 /* AppDelegate.swift in Sources */,
			);
			runOnlyForDeploymentPostprocessing = 0;
		};
/* End PBXSourcesBuildPhase section */

/* Begin PBXVariantGroup section */
		896631C11FF571D0009A0A17 /* Main.storyboard */ = {
			isa = PBXVariantGroup;
			children = (
				896631C21FF571D0009A0A17 /* Base */,
			);
			name = Main.storyboard;
			sourceTree = "<group>";
		};
		896631C61FF571D0009A0A17 /* LaunchScreen.storyboard */ = {
			isa = PBXVariantGroup;
			children = (
				896631C71FF571D0009A0A17 /* Base */,
			);
			name = LaunchScreen.storyboard;
			sourceTree = "<group>";
		};
/* End PBXVariantGroup section */

/* Begin XCBuildConfiguration section */
		896631CA1FF571D0009A0A17 /* Debug */ = {
			isa = XCBuildConfiguration;
			buildSettings = {
				ALWAYS_SEARCH_USER_PATHS = NO;
				CLANG_ANALYZER_NONNULL = YES;
				CLANG_ANALYZER_NUMBER_OBJECT_CONVERSION = YES_AGGRESSIVE;
				CLANG_CXX_LANGUAGE_STANDARD = "gnu++14";
				CLANG_CXX_LIBRARY = "libc++";
				CLANG_ENABLE_MODULES = YES;
				CLANG_ENABLE_OBJC_ARC = YES;
				CLANG_WARN_BLOCK_CAPTURE_AUTORELEASING = YES;
				CLANG_WARN_BOOL_CONVERSION = YES;
				CLANG_WARN_COMMA = YES;
				CLANG_WARN_CONSTANT_CONVERSION = YES;
				CLANG_WARN_DEPRECATED_OBJC_IMPLEMENTATIONS = YES;
				CLANG_WARN_DIRECT_OBJC_ISA_USAGE = YES_ERROR;
				CLANG_WARN_DOCUMENTATION_COMMENTS = YES;
				CLANG_WARN_EMPTY_BODY = YES;
				CLANG_WARN_ENUM_CONVERSION = YES;
				CLANG_WARN_INFINITE_RECURSION = YES;
				CLANG_WARN_INT_CONVERSION = YES;
				CLANG_WARN_NON_LITERAL_NULL_CONVERSION = YES;
				CLANG_WARN_OBJC_IMPLICIT_RETAIN_SELF = YES;
				CLANG_WARN_OBJC_LITERAL_CONVERSION = YES;
				CLANG_WARN_OBJC_ROOT_CLASS = YES_ERROR;
				CLANG_WARN_RANGE_LOOP_ANALYSIS = YES;
				CLANG_WARN_STRICT_PROTOTYPES = YES;
				CLANG_WARN_SUSPICIOUS_MOVE = YES;
				CLANG_WARN_UNGUARDED_AVAILABILITY = YES_AGGRESSIVE;
				CLANG_WARN_UNREACHABLE_CODE = YES;
				CLANG_WARN__DUPLICATE_METHOD_MATCH = YES;
				CODE_SIGN_IDENTITY = "iPhone Developer";
				COPY_PHASE_STRIP = NO;
				DEBUG_INFORMATION_FORMAT = dwarf;
				ENABLE_STRICT_OBJC_MSGSEND = YES;
				ENABLE_TESTABILITY = YES;
				GCC_C_LANGUAGE_STANDARD = gnu11;
				GCC_DYNAMIC_NO_PIC = NO;
				GCC_NO_COMMON_BLOCKS = YES;
				GCC_OPTIMIZATION_LEVEL = 0;
				GCC_PREPROCESSOR_DEFINITIONS = (
					"DEBUG=1",
					"$(inherited)",
				);
				GCC_WARN_64_TO_32_BIT_CONVERSION = YES;
				GCC_WARN_ABOUT_RETURN_TYPE = YES_ERROR;
				GCC_WARN_UNDECLARED_SELECTOR = YES;
				GCC_WARN_UNINITIALIZED_AUTOS = YES_AGGRESSIVE;
				GCC_WARN_UNUSED_FUNCTION = YES;
				GCC_WARN_UNUSED_VARIABLE = YES;
				IPHONEOS_DEPLOYMENT_TARGET = 11.2;
				MTL_ENABLE_DEBUG_INFO = YES;
				ONLY_ACTIVE_ARCH = YES;
				SDKROOT = iphoneos;
				SWIFT_ACTIVE_COMPILATION_CONDITIONS = DEBUG;
				SWIFT_OPTIMIZATION_LEVEL = "-Onone";
			};
			name = Debug;
		};
		896631CB1FF571D0009A0A17 /* Release */ = {
			isa = XCBuildConfiguration;
			buildSettings = {
				ALWAYS_SEARCH_USER_PATHS = NO;
				CLANG_ANALYZER_NONNULL = YES;
				CLANG_ANALYZER_NUMBER_OBJECT_CONVERSION = YES_AGGRESSIVE;
				CLANG_CXX_LANGUAGE_STANDARD = "gnu++14";
				CLANG_CXX_LIBRARY = "libc++";
				CLANG_ENABLE_MODULES = YES;
				CLANG_ENABLE_OBJC_ARC = YES;
				CLANG_WARN_BLOCK_CAPTURE_AUTORELEASING = YES;
				CLANG_WARN_BOOL_CONVERSION = YES;
				CLANG_WARN_COMMA = YES;
				CLANG_WARN_CONSTANT_CONVERSION = YES;
				CLANG_WARN_DEPRECATED_OBJC_IMPLEMENTATIONS = YES;
				CLANG_WARN_DIRECT_OBJC_ISA_USAGE = YES_ERROR;
				CLANG_WARN_DOCUMENTATION_COMMENTS = YES;
				CLANG_WARN_EMPTY_BODY = YES;
				CLANG_WARN_ENUM_CONVERSION = YES;
				CLANG_WARN_INFINITE_RECURSION = YES;
				CLANG_WARN_INT_CONVERSION = YES;
				CLANG_WARN_NON_LITERAL_NULL_CONVERSION = YES;
				CLANG_WARN_OBJC_IMPLICIT_RETAIN_SELF = YES;
				CLANG_WARN_OBJC_LITERAL_CONVERSION = YES;
				CLANG_WARN_OBJC_ROOT_CLASS = YES_ERROR;
				CLANG_WARN_RANGE_LOOP_ANALYSIS = YES;
				CLANG_WARN_STRICT_PROTOTYPES = YES;
				CLANG_WARN_SUSPICIOUS_MOVE = YES;
				CLANG_WARN_UNGUARDED_AVAILABILITY = YES_AGGRESSIVE;
				CLANG_WARN_UNREACHABLE_CODE = YES;
				CLANG_WARN__DUPLICATE_METHOD_MATCH = YES;
				CODE_SIGN_IDENTITY = "iPhone Developer";
				COPY_PHASE_STRIP = NO;
				DEBUG_INFORMATION_FORMAT = "dwarf-with-dsym";
				ENABLE_NS_ASSERTIONS = NO;
				ENABLE_STRICT_OBJC_MSGSEND = YES;
				GCC_C_LANGUAGE_STANDARD = gnu11;
				GCC_NO_COMMON_BLOCKS = YES;
				GCC_WARN_64_TO_32_BIT_CONVERSION = YES;
				GCC_WARN_ABOUT_RETURN_TYPE = YES_ERROR;
				GCC_WARN_UNDECLARED_SELECTOR = YES;
				GCC_WARN_UNINITIALIZED_AUTOS = YES_AGGRESSIVE;
				GCC_WARN_UNUSED_FUNCTION = YES;
				GCC_WARN_UNUSED_VARIABLE = YES;
				IPHONEOS_DEPLOYMENT_TARGET = 11.2;
				MTL_ENABLE_DEBUG_INFO = NO;
				SDKROOT = iphoneos;
				SWIFT_OPTIMIZATION_LEVEL = "-Owholemodule";
				VALIDATE_PRODUCT = YES;
			};
			name = Release;
		};
		896631CD1FF571D0009A0A17 /* Debug */ = {
			isa = XCBuildConfiguration;
			buildSettings = {
				ASSETCATALOG_COMPILER_APPICON_NAME = AppIcon;
				CODE_SIGN_STYLE = Automatic;
				DEVELOPMENT_TEAM = NH93LZ82DH;
				INFOPLIST_FILE = ARKit_SolarSystem/Info.plist;
				IPHONEOS_DEPLOYMENT_TARGET = 12.0;
				LD_RUNPATH_SEARCH_PATHS = "$(inherited) @executable_path/Frameworks";
				PRODUCT_BUNDLE_IDENTIFIER = "com.Haithamabdelwahab.ARKit-SolarSystem";
				PRODUCT_NAME = "$(TARGET_NAME)";
				SWIFT_VERSION = 4.2;
				TARGETED_DEVICE_FAMILY = "1,2";
			};
			name = Debug;
		};
		896631CE1FF571D0009A0A17 /* Release */ = {
			isa = XCBuildConfiguration;
			buildSettings = {
				ASSETCATALOG_COMPILER_APPICON_NAME = AppIcon;
				CODE_SIGN_STYLE = Automatic;
				DEVELOPMENT_TEAM = NH93LZ82DH;
				INFOPLIST_FILE = ARKit_SolarSystem/Info.plist;
				IPHONEOS_DEPLOYMENT_TARGET = 12.0;
				LD_RUNPATH_SEARCH_PATHS = "$(inherited) @executable_path/Frameworks";
				PRODUCT_BUNDLE_IDENTIFIER = "com.Haithamabdelwahab.ARKit-SolarSystem";
				PRODUCT_NAME = "$(TARGET_NAME)";
				SWIFT_VERSION = 4.2;
				TARGETED_DEVICE_FAMILY = "1,2";
			};
			name = Release;
		};
/* End XCBuildConfiguration section */

/* Begin XCConfigurationList section */
		896631B31FF571D0009A0A17 /* Build configuration list for PBXProject "ARKit_SolarSystem" */ = {
			isa = XCConfigurationList;
			buildConfigurations = (
				896631CA1FF571D0009A0A17 /* Debug */,
				896631CB1FF571D0009A0A17 /* Release */,
			);
			defaultConfigurationIsVisible = 0;
			defaultConfigurationName = Release;
		};
		896631CC1FF571D0009A0A17 /* Build configuration list for PBXNativeTarget "ARKit_SolarSystem" */ = {
			isa = XCConfigurationList;
			buildConfigurations = (
				896631CD1FF571D0009A0A17 /* Debug */,
				896631CE1FF571D0009A0A17 /* Release */,
			);
			defaultConfigurationIsVisible = 0;
			defaultConfigurationName = Release;
		};
/* End XCConfigurationList section */
	};
	rootObject = 896631B01FF571D0009A0A17 /* Project object */;
}
